dependencies:
  espressif/cmake_utilities:
    component_hash: 351350613ceafba240b761b4ea991e0f231ac7a9f59a9ee901f751bddc0bb18f
    dependencies:
    - name: idf
      require: private
      version: '>=4.1'
    source:
      registry_url: https://components.espressif.com/
      type: service
    version: 0.5.3
  idf:
    source:
      type: idf
    version: 5.3.1
direct_dependencies:
- espressif/cmake_utilities
- idf
manifest_hash: 90d7d0fa250831eedecccd080bcd5e50cbc07155786e4635c65689b01a672000
target: esp32s3
version: 2.0.0
